
Microsoft Visual Studio Solution File, Format Version 12.00
# Visual Studio Version 17
VisualStudioVersion = 17.7.34018.315
MinimumVisualStudioVersion = 10.0.40219.1
Project("{FAE04EC0-301F-11D3-BF4B-00C04F79EFBC}") = "Tugas Model Pratikum_A1019", "Tugas Model Pratikum_A1019\Tugas Model Pratikum_A1019.csproj", "{E2E8E5C7-8ADB-491C-AAA9-09BF70FF0C84}"
EndProject
Global
	GlobalSection(SolutionConfigurationPlatforms) = preSolution
		Debug|Any CPU = Debug|Any CPU
		Release|Any CPU = Release|Any CPU
	EndGlobalSection
	GlobalSection(ProjectConfigurationPlatforms) = postSolution
		{E2E8E5C7-8ADB-491C-AAA9-09BF70FF0C84}.Debug|Any CPU.ActiveCfg = Debug|Any CPU
		{E2E8E5C7-8ADB-491C-AAA9-09BF70FF0C84}.Debug|Any CPU.Build.0 = Debug|Any CPU
		{E2E8E5C7-8ADB-491C-AAA9-09BF70FF0C84}.Release|Any CPU.ActiveCfg = Release|Any CPU
		{E2E8E5C7-8ADB-491C-AAA9-09BF70FF0C84}.Release|Any CPU.Build.0 = Release|Any CPU
	EndGlobalSection
	GlobalSection(SolutionProperties) = preSolution
		HideSolutionNode = FALSE
	EndGlobalSection
	GlobalSection(ExtensibilityGlobals) = postSolution
		SolutionGuid = {A5ACD920-F695-4618-94B4-D829AEEE38E2}
	EndGlobalSection
EndGlobal
